
Microsoft Visual Studio Solution File, Format Version 12.00
Project("{FAE04EC0-301F-11D3-BF4B-00C04F79EFBC}") = "MazeWalker.Core", "MazeWalker.Core\MazeWalker.Core.csproj", "{0744E9BE-2911-4F18-9660-5F11B8C5EF86}"
EndProject
Project("{FAE04EC0-301F-11D3-BF4B-00C04F79EFBC}") = "MazeWalker.Adapters", "MazeWalker.Adapters\MazeWalker.Adapters.csproj", "{97848376-9C6D-453A-9467-C0115A595BEB}"
EndProject
Project("{FAE04EC0-301F-11D3-BF4B-00C04F79EFBC}") = "MazeWalker.Core.UnitTests", "MazeWalker.Core.UnitTests\MazeWalker.Core.UnitTests.csproj", "{40532382-DB01-4871-82B4-CE24D2003BE9}"
EndProject
Project("{FAE04EC0-301F-11D3-BF4B-00C04F79EFBC}") = "MazeWalker.Adapters.Tests", "MazeWalker.Adapters.Tests\MazeWalker.Adapters.Tests.csproj", "{AC342A91-379C-456D-9BCE-4F54C6D8F793}"
EndProject
Project("{FAE04EC0-301F-11D3-BF4B-00C04F79EFBC}") = "MazeWalker.SpecTests", "MazeWalker.SpecTests\MazeWalker.SpecTests.csproj", "{B5228A81-1D03-4A7E-8D13-77132FD954CC}"
EndProject
Project("{FAE04EC0-301F-11D3-BF4B-00C04F79EFBC}") = "MazeWalker.AspNet", "MazeWalker.AspNet\MazeWalker.AspNet.csproj", "{5745528D-97A6-4117-87A6-7D0EE8002CDB}"
EndProject
Global
	GlobalSection(SolutionConfigurationPlatforms) = preSolution
		Debug|Any CPU = Debug|Any CPU
		Release|Any CPU = Release|Any CPU
	EndGlobalSection
	GlobalSection(ProjectConfigurationPlatforms) = postSolution
		{0744E9BE-2911-4F18-9660-5F11B8C5EF86}.Debug|Any CPU.ActiveCfg = Debug|Any CPU
		{0744E9BE-2911-4F18-9660-5F11B8C5EF86}.Debug|Any CPU.Build.0 = Debug|Any CPU
		{0744E9BE-2911-4F18-9660-5F11B8C5EF86}.Release|Any CPU.ActiveCfg = Release|Any CPU
		{0744E9BE-2911-4F18-9660-5F11B8C5EF86}.Release|Any CPU.Build.0 = Release|Any CPU
		{97848376-9C6D-453A-9467-C0115A595BEB}.Debug|Any CPU.ActiveCfg = Debug|Any CPU
		{97848376-9C6D-453A-9467-C0115A595BEB}.Debug|Any CPU.Build.0 = Debug|Any CPU
		{97848376-9C6D-453A-9467-C0115A595BEB}.Release|Any CPU.ActiveCfg = Release|Any CPU
		{97848376-9C6D-453A-9467-C0115A595BEB}.Release|Any CPU.Build.0 = Release|Any CPU
		{40532382-DB01-4871-82B4-CE24D2003BE9}.Debug|Any CPU.ActiveCfg = Debug|Any CPU
		{40532382-DB01-4871-82B4-CE24D2003BE9}.Debug|Any CPU.Build.0 = Debug|Any CPU
		{40532382-DB01-4871-82B4-CE24D2003BE9}.Release|Any CPU.ActiveCfg = Release|Any CPU
		{40532382-DB01-4871-82B4-CE24D2003BE9}.Release|Any CPU.Build.0 = Release|Any CPU
		{AC342A91-379C-456D-9BCE-4F54C6D8F793}.Debug|Any CPU.ActiveCfg = Debug|Any CPU
		{AC342A91-379C-456D-9BCE-4F54C6D8F793}.Debug|Any CPU.Build.0 = Debug|Any CPU
		{AC342A91-379C-456D-9BCE-4F54C6D8F793}.Release|Any CPU.ActiveCfg = Release|Any CPU
		{AC342A91-379C-456D-9BCE-4F54C6D8F793}.Release|Any CPU.Build.0 = Release|Any CPU
		{B5228A81-1D03-4A7E-8D13-77132FD954CC}.Debug|Any CPU.ActiveCfg = Debug|Any CPU
		{B5228A81-1D03-4A7E-8D13-77132FD954CC}.Debug|Any CPU.Build.0 = Debug|Any CPU
		{B5228A81-1D03-4A7E-8D13-77132FD954CC}.Release|Any CPU.ActiveCfg = Release|Any CPU
		{B5228A81-1D03-4A7E-8D13-77132FD954CC}.Release|Any CPU.Build.0 = Release|Any CPU
		{5745528D-97A6-4117-87A6-7D0EE8002CDB}.Debug|Any CPU.ActiveCfg = Debug|Any CPU
		{5745528D-97A6-4117-87A6-7D0EE8002CDB}.Debug|Any CPU.Build.0 = Debug|Any CPU
		{5745528D-97A6-4117-87A6-7D0EE8002CDB}.Release|Any CPU.ActiveCfg = Release|Any CPU
		{5745528D-97A6-4117-87A6-7D0EE8002CDB}.Release|Any CPU.Build.0 = Release|Any CPU
	EndGlobalSection
EndGlobal
